Microsoft Visual Studio Solution File, Format Version 12.00
# Visual Studio Version 17
VisualStudioVersion = 17.5.2.0
MinimumVisualStudioVersion = 10.0.40219.1
Project("{FAE04EC0-301F-11D3-BF4B-00C04F79EFBC}") = "PersonalExpensesApi", "PersonalExpensesApi.csproj", "{15CBCECD-D8DC-5C95-2FB6-1076C7702399}"
EndProject
Global
	GlobalSection(SolutionConfigurationPlatforms) = preSolution
		Debug|Any CPU = Debug|Any CPU
		Release|Any CPU = Release|Any CPU
	EndGlobalSection
	GlobalSection(ProjectConfigurationPlatforms) = postSolution
		{15CBCECD-D8DC-5C95-2FB6-1076C7702399}.Debug|Any CPU.ActiveCfg = Debug|Any CPU
		{15CBCECD-D8DC-5C95-2FB6-1076C7702399}.Debug|Any CPU.Build.0 = Debug|Any CPU
		{15CBCECD-D8DC-5C95-2FB6-1076C7702399}.Release|Any CPU.ActiveCfg = Release|Any CPU
		{15CBCECD-D8DC-5C95-2FB6-1076C7702399}.Release|Any CPU.Build.0 = Release|Any CPU
	EndGlobalSection
	GlobalSection(SolutionProperties) = preSolution
		HideSolutionNode = FALSE
	EndGlobalSection
	GlobalSection(ExtensibilityGlobals) = postSolution
		SolutionGuid = {6FFC11CF-15CA-4BF5-8957-749372319950}
	EndGlobalSection
EndGlobal
